// !$*UTF8*$!
{
	archiveVersion = 1;
	classes = {
	};
	objectVersion = 56;
	objects = {

/* Begin PBXBuildFile section */
		C895C49B299FEB1200A75DFE /* AppDelegate.swift in Sources */ = {isa = PBXBuildFile; fileRef = C895C49A299FEB1200A75DFE /* AppDelegate.swift */; };
		C895C49D299FEB1200A75DFE /* SceneDelegate.swift in Sources */ = {isa = PBXBuildFile; fileRef = C895C49C299FEB1200A75DFE /* SceneDelegate.swift */; };
		C895C4A2299FEB1200A75DFE /* Main.storyboard in Resources */ = {isa = PBXBuildFile; fileRef = C895C4A0299FEB1200A75DFE /* Main.storyboard */; };
		C895C4A4299FEB1600A75DFE /* Assets.xcassets in Resources */ = {isa = PBXBuildFile; fileRef = C895C4A3299FEB1600A75DFE /* Assets.xcassets */; };
		C895C4A7299FEB1600A75DFE /* LaunchScreen.storyboard in Resources */ = {isa = PBXBuildFile; fileRef = C895C4A5299FEB1600A75DFE /* LaunchScreen.storyboard */; };
		C895C4AF299FEB5800A75DFE /* TimelineViewController.swift in Sources */ = {isa = PBXBuildFile; fileRef = C895C4AE299FEB5800A75DFE /* TimelineViewController.swift */; };
		C895C4B1299FF4D300A75DFE /* TweetTableViewCell.swift in Sources */ = {isa = PBXBuildFile; fileRef = C895C4B0299FF4D300A75DFE /* TweetTableViewCell.swift */; };
		C895C4FE29A5BF7A00A75DFE /* TimelineTableViewCell.swift in Sources */ = {isa = PBXBuildFile; fileRef = C895C4FC29A5BF7A00A75DFE /* TimelineTableViewCell.swift */; };
		C895C4FF29A5BF7A00A75DFE /* TimelineTableViewCell.xib in Resources */ = {isa = PBXBuildFile; fileRef = C895C4FD29A5BF7A00A75DFE /* TimelineTableViewCell.xib */; };
		C8BE933629A9C9E40035FFA1 /* TweetViewController.swift in Sources */ = {isa = PBXBuildFile; fileRef = C8BE933429A9C9E40035FFA1 /* TweetViewController.swift */; };
		C8BE933729A9C9E40035FFA1 /* TweetViewController.xib in Resources */ = {isa = PBXBuildFile; fileRef = C8BE933529A9C9E40035FFA1 /* TweetViewController.xib */; };
/* End PBXBuildFile section */

/* Begin PBXFileReference section */
		C895C497299FEB1200A75DFE /* MyTwitterApp.app */ = {isa = PBXFileReference; explicitFileType = wrapper.application; includeInIndex = 0; path = MyTwitterApp.app; sourceTree = BUILT_PRODUCTS_DIR; };
		C895C49A299FEB1200A75DFE /* AppDelegate.swift */ = {isa = PBXFileReference; lastKnownFileType = sourcecode.swift; path = AppDelegate.swift; sourceTree = "<group>"; };
		C895C49C299FEB1200A75DFE /* SceneDelegate.swift */ = {isa = PBXFileReference; lastKnownFileType = sourcecode.swift; path = SceneDelegate.swift; sourceTree = "<group>"; };
		C895C4A1299FEB1200A75DFE /* Base */ = {isa = PBXFileReference; lastKnownFileType = file.storyboard; name = Base; path = Base.lproj/Main.storyboard; sourceTree = "<group>"; };
		C895C4A3299FEB1600A75DFE /* Assets.xcassets */ = {isa = PBXFileReference; lastKnownFileType = folder.assetcatalog; path = Assets.xcassets; sourceTree = "<group>"; };
		C895C4A6299FEB1600A75DFE /* Base */ = {isa = PBXFileReference; lastKnownFileType = file.storyboard; name = Base; path = Base.lproj/LaunchScreen.storyboard; sourceTree = "<group>"; };
		C895C4A8299FEB1600A75DFE /* Info.plist */ = {isa = PBXFileReference; lastKnownFileType = text.plist.xml; path = Info.plist; sourceTree = "<group>"; };
		C895C4AE299FEB5800A75DFE /* TimelineViewController.swift */ = {isa = PBXFileReference; lastKnownFileType = sourcecode.swift; path = TimelineViewController.swift; sourceTree = "<group>"; };
		C895C4B0299FF4D300A75DFE /* TweetTableViewCell.swift */ = {isa = PBXFileReference; lastKnownFileType = sourcecode.swift; path = TweetTableViewCell.swift; sourceTree = "<group>"; };
		C895C4FC29A5BF7A00A75DFE /* TimelineTableViewCell.swift */ = {isa = PBXFileReference; lastKnownFileType = sourcecode.swift; path = TimelineTableViewCell.swift; sourceTree = "<group>"; };
		C895C4FD29A5BF7A00A75DFE /* TimelineTableViewCell.xib */ = {isa = PBXFileReference; lastKnownFileType = file.xib; path = TimelineTableViewCell.xib; sourceTree = "<group>"; };
		C8BE933429A9C9E40035FFA1 /* TweetViewController.swift */ = {isa = PBXFileReference; lastKnownFileType = sourcecode.swift; path = TweetViewController.swift; sourceTree = "<group>"; };
		C8BE933529A9C9E40035FFA1 /* TweetViewController.xib */ = {isa = PBXFileReference; lastKnownFileType = file.xib; path = TweetViewController.xib; sourceTree = "<group>"; };
/* End PBXFileReference section */

/* Begin PBXFrameworksBuildPhase section */
		C895C494299FEB1200A75DFE /* Frameworks */ = {
			isa = PBXFrameworksBuildPhase;
			buildActionMask = 2147483647;
			files = (
			);
			runOnlyForDeploymentPostprocessing = 0;
		};
/* End PBXFrameworksBuildPhase section */

/* Begin PBXGroup section */
		C895C48E299FEB1200A75DFE = {
			isa = PBXGroup;
			children = (
				C895C499299FEB1200A75DFE /* MyTwitterApp */,
				C895C498299FEB1200A75DFE /* Products */,
			);
			sourceTree = "<group>";
		};
		C895C498299FEB1200A75DFE /* Products */ = {
			isa = PBXGroup;
			children = (
				C895C497299FEB1200A75DFE /* MyTwitterApp.app */,
			);
			name = Products;
			sourceTree = "<group>";
		};
		C895C499299FEB1200A75DFE /* MyTwitterApp */ = {
			isa = PBXGroup;
			children = (
				C895C49A299FEB1200A75DFE /* AppDelegate.swift */,
				C895C49C299FEB1200A75DFE /* SceneDelegate.swift */,
				C895C4AE299FEB5800A75DFE /* TimelineViewController.swift */,
				C895C4B0299FF4D300A75DFE /* TweetTableViewCell.swift */,
				C895C4A0299FEB1200A75DFE /* Main.storyboard */,
				C895C4A3299FEB1600A75DFE /* Assets.xcassets */,
				C895C4A5299FEB1600A75DFE /* LaunchScreen.storyboard */,
				C895C4A8299FEB1600A75DFE /* Info.plist */,
				C895C4FC29A5BF7A00A75DFE /* TimelineTableViewCell.swift */,
				C895C4FD29A5BF7A00A75DFE /* TimelineTableViewCell.xib */,
				C8BE933429A9C9E40035FFA1 /* TweetViewController.swift */,
				C8BE933529A9C9E40035FFA1 /* TweetViewController.xib */,
			);
			path = MyTwitterApp;
			sourceTree = "<group>";
		};
/* End PBXGroup section */

/* Begin PBXNativeTarget section */
		C895C496299FEB1200A75DFE /* MyTwitterApp */ = {
			isa = PBXNativeTarget;
			buildConfigurationList = C895C4AB299FEB1600A75DFE /* Build configuration list for PBXNativeTarget "MyTwitterApp" */;
			buildPhases = (
				C895C493299FEB1200A75DFE /* Sources */,
				C895C494299FEB1200A75DFE /* Frameworks */,
				C895C495299FEB1200A75DFE /* Resources */,
			);
			buildRules = (
			);
			dependencies = (
			);
			name = MyTwitterApp;
			productName = MyTwitterApp;
			productReference = C895C497299FEB1200A75DFE /* MyTwitterApp.app */;
			productType = "com.apple.product-type.application";
		};
/* End PBXNativeTarget section */

/* Begin PBXProject section */
		C895C48F299FEB1200A75DFE /* Project object */ = {
			isa = PBXProject;
			attributes = {
				BuildIndependentTargetsInParallel = 1;
				LastSwiftUpdateCheck = 1420;
				LastUpgradeCheck = 1420;
				TargetAttributes = {
					C895C496299FEB1200A75DFE = {
						CreatedOnToolsVersion = 14.2;
					};
				};
			};
			buildConfigurationList = C895C492299FEB1200A75DFE /* Build configuration list for PBXProject "MyTwitterApp" */;
			compatibilityVersion = "Xcode 14.0";
			developmentRegion = en;
			hasScannedForEncodings = 0;
			knownRegions = (
				en,
				Base,
			);
			mainGroup = C895C48E299FEB1200A75DFE;
			productRefGroup = C895C498299FEB1200A75DFE /* Products */;
			projectDirPath = "";
			projectRoot = "";
			targets = (
				C895C496299FEB1200A75DFE /* MyTwitterApp */,
			);
		};
/* End PBXProject section */

/* Begin PBXResourcesBuildPhase section */
		C895C495299FEB1200A75DFE /* Resources */ = {
			isa = PBXResourcesBuildPhase;
			buildActionMask = 2147483647;
			files = (
				C895C4FF29A5BF7A00A75DFE /* TimelineTableViewCell.xib in Resources */,
				C895C4A7299FEB1600A75DFE /* LaunchScreen.storyboard in Resources */,
				C895C4A4299FEB1600A75DFE /* Assets.xcassets in Resources */,
				C8BE933729A9C9E40035FFA1 /* TweetViewController.xib in Resources */,
				C895C4A2299FEB1200A75DFE /* Main.storyboard in Resources */,
			);
			runOnlyForDeploymentPostprocessing = 0;
		};
/* End PBXResourcesBuildPhase section */

/* Begin PBXSourcesBuildPhase section */
		C895C493299FEB1200A75DFE /* Sources */ = {
			isa = PBXSourcesBuildPhase;
			buildActionMask = 2147483647;
			files = (
				C895C49B299FEB1200A75DFE /* AppDelegate.swift in Sources */,
				C895C49D299FEB1200A75DFE /* SceneDelegate.swift in Sources */,
				C8BE933629A9C9E40035FFA1 /* TweetViewController.swift in Sources */,
				C895C4FE29A5BF7A00A75DFE /* TimelineTableViewCell.swift in Sources */,
				C895C4AF299FEB5800A75DFE /* TimelineViewController.swift in Sources */,
				C895C4B1299FF4D300A75DFE /* TweetTableViewCell.swift in Sources */,
			);
			runOnlyForDeploymentPostprocessing = 0;
		};
/* End PBXSourcesBuildPhase section */

/* Begin PBXVariantGroup section */
		C895C4A0299FEB1200A75DFE /* Main.storyboard */ = {
			isa = PBXVariantGroup;
			children = (
				C895C4A1299FEB1200A75DFE /* Base */,
			);
			name = Main.storyboard;
			sourceTree = "<group>";
		};
		C895C4A5299FEB1600A75DFE /* LaunchScreen.storyboard */ = {
			isa = PBXVariantGroup;
			children = (
				C895C4A6299FEB1600A75DFE /* Base */,
			);
			name = LaunchScreen.storyboard;
			sourceTree = "<group>";
		};
/* End PBXVariantGroup section */

/* Begin XCBuildConfiguration section */
		C895C4A9299FEB1600A75DFE /* Debug */ = {
			isa = XCBuildConfiguration;
			buildSettings = {
				ALWAYS_SEARCH_USER_PATHS = NO;
				CLANG_ANALYZER_NONNULL = YES;
				CLANG_ANALYZER_NUMBER_OBJECT_CONVERSION = YES_AGGRESSIVE;
				CLANG_CXX_LANGUAGE_STANDARD = "gnu++20";
				CLANG_ENABLE_MODULES = YES;
				CLANG_ENABLE_OBJC_ARC = YES;
				CLANG_ENABLE_OBJC_WEAK = YES;
				CLANG_WARN_BLOCK_CAPTURE_AUTORELEASING = YES;
				CLANG_WARN_BOOL_CONVERSION = YES;
				CLANG_WARN_COMMA = YES;
				CLANG_WARN_CONSTANT_CONVERSION = YES;
				CLANG_WARN_DEPRECATED_OBJC_IMPLEMENTATIONS = YES;
				CLANG_WARN_DIRECT_OBJC_ISA_USAGE = YES_ERROR;
				CLANG_WARN_DOCUMENTATION_COMMENTS = YES;
				CLANG_WARN_EMPTY_BODY = YES;
				CLANG_WARN_ENUM_CONVERSION = YES;
				CLANG_WARN_INFINITE_RECURSION = YES;
				CLANG_WARN_INT_CONVERSION = YES;
				CLANG_WARN_NON_LITERAL_NULL_CONVERSION = YES;
				CLANG_WARN_OBJC_IMPLICIT_RETAIN_SELF = YES;
				CLANG_WARN_OBJC_LITERAL_CONVERSION = YES;
				CLANG_WARN_OBJC_ROOT_CLASS = YES_ERROR;
				CLANG_WARN_QUOTED_INCLUDE_IN_FRAMEWORK_HEADER = YES;
				CLANG_WARN_RANGE_LOOP_ANALYSIS = YES;
				CLANG_WARN_STRICT_PROTOTYPES = YES;
				CLANG_WARN_SUSPICIOUS_MOVE = YES;
				CLANG_WARN_UNGUARDED_AVAILABILITY = YES_AGGRESSIVE;
				CLANG_WARN_UNREACHABLE_CODE = YES;
				CLANG_WARN__DUPLICATE_METHOD_MATCH = YES;
				COPY_PHASE_STRIP = NO;
				DEBUG_INFORMATION_FORMAT = dwarf;
				ENABLE_STRICT_OBJC_MSGSEND = YES;
				ENABLE_TESTABILITY = YES;
				GCC_C_LANGUAGE_STANDARD = gnu11;
				GCC_DYNAMIC_NO_PIC = NO;
				GCC_NO_COMMON_BLOCKS = YES;
				GCC_OPTIMIZATION_LEVEL = 0;
				GCC_PREPROCESSOR_DEFINITIONS = (
					"DEBUG=1",
					"$(inherited)",
				);
				GCC_WARN_64_TO_32_BIT_CONVERSION = YES;
				GCC_WARN_ABOUT_RETURN_TYPE = YES_ERROR;
				GCC_WARN_UNDECLARED_SELECTOR = YES;
				GCC_WARN_UNINITIALIZED_AUTOS = YES_AGGRESSIVE;
				GCC_WARN_UNUSED_FUNCTION = YES;
				GCC_WARN_UNUSED_VARIABLE = YES;
				IPHONEOS_DEPLOYMENT_TARGET = 16.2;
				MTL_ENABLE_DEBUG_INFO = INCLUDE_SOURCE;
				MTL_FAST_MATH = YES;
				ONLY_ACTIVE_ARCH = YES;
				SDKROOT = iphoneos;
				SWIFT_ACTIVE_COMPILATION_CONDITIONS = DEBUG;
				SWIFT_OPTIMIZATION_LEVEL = "-Onone";
			};
			name = Debug;
		};
		C895C4AA299FEB1600A75DFE /* Release */ = {
			isa = XCBuildConfiguration;
			buildSettings = {
				ALWAYS_SEARCH_USER_PATHS = NO;
				CLANG_ANALYZER_NONNULL = YES;
				CLANG_ANALYZER_NUMBER_OBJECT_CONVERSION = YES_AGGRESSIVE;
				CLANG_CXX_LANGUAGE_STANDARD = "gnu++20";
				CLANG_ENABLE_MODULES = YES;
				CLANG_ENABLE_OBJC_ARC = YES;
				CLANG_ENABLE_OBJC_WEAK = YES;
				CLANG_WARN_BLOCK_CAPTURE_AUTORELEASING = YES;
				CLANG_WARN_BOOL_CONVERSION = YES;
				CLANG_WARN_COMMA = YES;
				CLANG_WARN_CONSTANT_CONVERSION = YES;
				CLANG_WARN_DEPRECATED_OBJC_IMPLEMENTATIONS = YES;
				CLANG_WARN_DIRECT_OBJC_ISA_USAGE = YES_ERROR;
				CLANG_WARN_DOCUMENTATION_COMMENTS = YES;
				CLANG_WARN_EMPTY_BODY = YES;
				CLANG_WARN_ENUM_CONVERSION = YES;
				CLANG_WARN_INFINITE_RECURSION = YES;
				CLANG_WARN_INT_CONVERSION = YES;
				CLANG_WARN_NON_LITERAL_NULL_CONVERSION = YES;
				CLANG_WARN_OBJC_IMPLICIT_RETAIN_SELF = YES;
				CLANG_WARN_OBJC_LITERAL_CONVERSION = YES;
				CLANG_WARN_OBJC_ROOT_CLASS = YES_ERROR;
				CLANG_WARN_QUOTED_INCLUDE_IN_FRAMEWORK_HEADER = YES;
				CLANG_WARN_RANGE_LOOP_ANALYSIS = YES;
				CLANG_WARN_STRICT_PROTOTYPES = YES;
				CLANG_WARN_SUSPICIOUS_MOVE = YES;
				CLANG_WARN_UNGUARDED_AVAILABILITY = YES_AGGRESSIVE;
				CLANG_WARN_UNREACHABLE_CODE = YES;
				CLANG_WARN__DUPLICATE_METHOD_MATCH = YES;
				COPY_PHASE_STRIP = NO;
				DEBUG_INFORMATION_FORMAT = "dwarf-with-dsym";
				ENABLE_NS_ASSERTIONS = NO;
				ENABLE_STRICT_OBJC_MSGSEND = YES;
				GCC_C_LANGUAGE_STANDARD = gnu11;
				GCC_NO_COMMON_BLOCKS = YES;
				GCC_WARN_64_TO_32_BIT_CONVERSION = YES;
				GCC_WARN_ABOUT_RETURN_TYPE = YES_ERROR;
				GCC_WARN_UNDECLARED_SELECTOR = YES;
				GCC_WARN_UNINITIALIZED_AUTOS = YES_AGGRESSIVE;
				GCC_WARN_UNUSED_FUNCTION = YES;
				GCC_WARN_UNUSED_VARIABLE = YES;
				IPHONEOS_DEPLOYMENT_TARGET = 16.2;
				MTL_ENABLE_DEBUG_INFO = NO;
				MTL_FAST_MATH = YES;
				SDKROOT = iphoneos;
				SWIFT_COMPILATION_MODE = wholemodule;
				SWIFT_OPTIMIZATION_LEVEL = "-O";
				VALIDATE_PRODUCT = YES;
			};
			name = Release;
		};
		C895C4AC299FEB1600A75DFE /* Debug */ = {
			isa = XCBuildConfiguration;
			buildSettings = {
				ASSETCATALOG_COMPILER_APPICON_NAME = AppIcon;
				ASSETCATALOG_COMPILER_GLOBAL_ACCENT_COLOR_NAME = AccentColor;
				CODE_SIGN_STYLE = Automatic;
				CURRENT_PROJECT_VERSION = 1;
				DEVELOPMENT_TEAM = A576YFG6SP;
				GENERATE_INFOPLIST_FILE = YES;
				INFOPLIST_FILE = MyTwitterApp/Info.plist;
				INFOPLIST_KEY_UIApplicationSupportsIndirectInputEvents = YES;
				INFOPLIST_KEY_UILaunchStoryboardName = LaunchScreen;
				INFOPLIST_KEY_UIMainStoryboardFile = Main;
				INFOPLIST_KEY_UISupportedInterfaceOrientations_iPad = "UIInterfaceOrientationPortrait UIInterfaceOrientationPortraitUpsideDown UIInterfaceOrientationLandscapeLeft UIInterfaceOrientationLandscapeRight";
				INFOPLIST_KEY_UISupportedInterfaceOrientations_iPhone = "UIInterfaceOrientationPortrait UIInterfaceOrientationLandscapeLeft UIInterfaceOrientationLandscapeRight";
				LD_RUNPATH_SEARCH_PATHS = (
					"$(inherited)",
					"@executable_path/Frameworks",
				);
				MARKETING_VERSION = 1.0;
				PRODUCT_BUNDLE_IDENTIFIER = com.oshige.dev.MyTwitterApp;
				PRODUCT_NAME = "$(TARGET_NAME)";
				SWIFT_EMIT_LOC_STRINGS = YES;
				SWIFT_VERSION = 5.0;
				TARGETED_DEVICE_FAMILY = "1,2";
			};
			name = Debug;
		};
		C895C4AD299FEB1600A75DFE /* Release */ = {
			isa = XCBuildConfiguration;
			buildSettings = {
				ASSETCATALOG_COMPILER_APPICON_NAME = AppIcon;
				ASSETCATALOG_COMPILER_GLOBAL_ACCENT_COLOR_NAME = AccentColor;
				CODE_SIGN_STYLE = Automatic;
				CURRENT_PROJECT_VERSION = 1;
				DEVELOPMENT_TEAM = A576YFG6SP;
				GENERATE_INFOPLIST_FILE = YES;
				INFOPLIST_FILE = MyTwitterApp/Info.plist;
				INFOPLIST_KEY_UIApplicationSupportsIndirectInputEvents = YES;
				INFOPLIST_KEY_UILaunchStoryboardName = LaunchScreen;
				INFOPLIST_KEY_UIMainStoryboardFile = Main;
				INFOPLIST_KEY_UISupportedInterfaceOrientations_iPad = "UIInterfaceOrientationPortrait UIInterfaceOrientationPortraitUpsideDown UIInterfaceOrientationLandscapeLeft UIInterfaceOrientationLandscapeRight";
				INFOPLIST_KEY_UISupportedInterfaceOrientations_iPhone = "UIInterfaceOrientationPortrait UIInterfaceOrientationLandscapeLeft UIInterfaceOrientationLandscapeRight";
				LD_RUNPATH_SEARCH_PATHS = (
					"$(inherited)",
					"@executable_path/Frameworks",
				);
				MARKETING_VERSION = 1.0;
				PRODUCT_BUNDLE_IDENTIFIER = com.oshige.dev.MyTwitterApp;
				PRODUCT_NAME = "$(TARGET_NAME)";
				SWIFT_EMIT_LOC_STRINGS = YES;
				SWIFT_VERSION = 5.0;
				TARGETED_DEVICE_FAMILY = "1,2";
			};
			name = Release;
		};
/* End XCBuildConfiguration section */

/* Begin XCConfigurationList section */
		C895C492299FEB1200A75DFE /* Build configuration list for PBXProject "MyTwitterApp" */ = {
			isa = XCConfigurationList;
			buildConfigurations = (
				C895C4A9299FEB1600A75DFE /* Debug */,
				C895C4AA299FEB1600A75DFE /* Release */,
			);
			defaultConfigurationIsVisible = 0;
			defaultConfigurationName = Release;
		};
		C895C4AB299FEB1600A75DFE /* Build configuration list for PBXNativeTarget "MyTwitterApp" */ = {
			isa = XCConfigurationList;
			buildConfigurations = (
				C895C4AC299FEB1600A75DFE /* Debug */,
				C895C4AD299FEB1600A75DFE /* Release */,
			);
			defaultConfigurationIsVisible = 0;
			defaultConfigurationName = Release;
		};
/* End XCConfigurationList section */
	};
	rootObject = C895C48F299FEB1200A75DFE /* Project object */;
}
